
Microsoft Visual Studio Solution File, Format Version 12.00
# Visual Studio Version 16
VisualStudioVersion = 16.0.30320.27
MinimumVisualStudioVersion = 10.0.40219.1
Project("{FAE04EC0-301F-11D3-BF4B-00C04F79EFBC}") = "AutoWordsearch", "AutoWordsearch\AutoWordsearch.csproj", "{C3474521-B46B-478A-8AC6-D413E8D5E5EA}"
EndProject
Project("{FAE04EC0-301F-11D3-BF4B-00C04F79EFBC}") = "AutoWordsearch.Core", "AutoWordsearch.Core\AutoWordsearch.Core.csproj", "{F1972110-1F79-43AD-B700-54F6D6512DB1}"
EndProject
Global
	GlobalSection(SolutionConfigurationPlatforms) = preSolution
		Debug|Any CPU = Debug|Any CPU
		Release|Any CPU = Release|Any CPU
	EndGlobalSection
	GlobalSection(ProjectConfigurationPlatforms) = postSolution
		{C3474521-B46B-478A-8AC6-D413E8D5E5EA}.Debug|Any CPU.ActiveCfg = Debug|Any CPU
		{C3474521-B46B-478A-8AC6-D413E8D5E5EA}.Debug|Any CPU.Build.0 = Debug|Any CPU
		{C3474521-B46B-478A-8AC6-D413E8D5E5EA}.Release|Any CPU.ActiveCfg = Release|Any CPU
		{C3474521-B46B-478A-8AC6-D413E8D5E5EA}.Release|Any CPU.Build.0 = Release|Any CPU
		{F1972110-1F79-43AD-B700-54F6D6512DB1}.Debug|Any CPU.ActiveCfg = Debug|Any CPU
		{F1972110-1F79-43AD-B700-54F6D6512DB1}.Debug|Any CPU.Build.0 = Debug|Any CPU
		{F1972110-1F79-43AD-B700-54F6D6512DB1}.Release|Any CPU.ActiveCfg = Release|Any CPU
		{F1972110-1F79-43AD-B700-54F6D6512DB1}.Release|Any CPU.Build.0 = Release|Any CPU
	EndGlobalSection
	GlobalSection(SolutionProperties) = preSolution
		HideSolutionNode = FALSE
	EndGlobalSection
	GlobalSection(ExtensibilityGlobals) = postSolution
		SolutionGuid = {E46FC4F7-B6B6-4AED-93E5-746DCD099070}
	EndGlobalSection
EndGlobal
